<?xml version="1.0" encoding="utf-8"?>
<Project ToolsVersion="4.0" xmlns="http://schemas.microsoft.com/developer/msbuild/2003">
  <ItemGroup>
    <Filter Include="Source Files">
      <UniqueIdentifier>{4FC737F1-C7A5-4376-A066-2A32D752A2FF}</UniqueIdentifier>
      <Extensions>cpp;c;cc;cxx;def;odl;idl;hpj;bat;asm;asmx</Extensions>
    </Filter>
    <Filter Include="Header Files">
      <UniqueIdentifier>{93995380-89BD-4b04-88EB-625FBE52EBFB}</UniqueIdentifier>
      <Extensions>h;hh;hpp;hxx;hm;inl;inc;ipp;xsd</Extensions>
    </Filter>
    <Filter Include="Resource Files">
      <UniqueIdentifier>{67DA6AB6-F800-4c08-8B7A-83BB121AAD01}</UniqueIdentifier>
      <Extensions>rc;ico;cur;bmp;dlg;rc2;rct;bin;rgs;gif;jpg;jpeg;jpe;resx;tiff;tif;png;wav;mfcribbon-ms</Extensions>
    </Filter>
    <Filter Include="Source Files\GlobalProtos">
      <UniqueIdentifier>{f6a919aa-5c49-4468-a143-e11b8462678d}</UniqueIdentifier>
    </Filter>
    <Filter Include="Source Files\ClassProtos">
      <UniqueIdentifier>{bb1e9148-8088-4869-9a9c-46c73eb808cc}</UniqueIdentifier>
    </Filter>
    <Filter Include="Source Files\Callbacks">
      <UniqueIdentifier>{631876bc-5714-4663-b4bf-b8316dfc1c51}</UniqueIdentifier>
    </Filter>
    <Filter Include="Source Files\FindPattern">
      <UniqueIdentifier>{e46e53cc-d14c-47d9-a5ad-060cc462a699}</UniqueIdentifier>
    </Filter>
    <Filter Include="Source Files\HookFunction">
      <UniqueIdentifier>{877cc6af-fc56-4387-8016-eee73ae357dd}</UniqueIdentifier>
    </Filter>
    <Filter Include="Source Files\SetValue">
      <UniqueIdentifier>{3606eb9a-b970-4a42-96ea-6053bbb79c96}</UniqueIdentifier>
    </Filter>
    <Filter Include="Source Files\Arrays">
      <UniqueIdentifier>{78109a04-24a9-4f2f-8d3a-4759bcdfc1b9}</UniqueIdentifier>
    </Filter>
  </ItemGroup>
  <ItemGroup>
    <ClInclude Include="framework.h">
      <Filter>Header Files</Filter>
    </ClInclude>
    <ClInclude Include="pch.h">
      <Filter>Header Files</Filter>
    </ClInclude>
    <ClInclude Include="ExamplePlugin.h">
      <Filter>Header Files</Filter>
    </ClInclude>
  </ItemGroup>
  <ItemGroup>
    <ClCompile Include="dllmain.cpp">
      <Filter>Source Files</Filter>
    </ClCompile>
    <ClCompile Include="pch.cpp">
      <Filter>Source Files</Filter>
    </ClCompile>
    <ClCompile Include="GlobalProtosPlugin.cpp">
      <Filter>Source Files\GlobalProtos</Filter>
    </ClCompile>
    <ClCompile Include="ClassProtosPlugin.cpp">
      <Filter>Source Files\ClassProtos</Filter>
    </ClCompile>
    <ClCompile Include="CallbacksPlugin.cpp">
      <Filter>Source Files\Callbacks</Filter>
    </ClCompile>
    <ClCompile Include="FindPatternPlugin.cpp">
      <Filter>Source Files\FindPattern</Filter>
    </ClCompile>
    <ClCompile Include="HookFunctionPlugin.cpp">
      <Filter>Source Files\HookFunction</Filter>
    </ClCompile>
    <ClCompile Include="SetValuePlugin.cpp">
      <Filter>Source Files\SetValue</Filter>
    </ClCompile>
    <ClCompile Include="PluginMain.cpp">
      <Filter>Source Files</Filter>
    </ClCompile>
    <ClCompile Include="ArrayUsagePlugin.cpp">
      <Filter>Source Files\Arrays</Filter>
    </ClCompile>
  </ItemGroup>
</Project>