<?xml version="1.0" encoding="utf-8"?>
<Project ToolsVersion="4.0" xmlns="http://schemas.microsoft.com/developer/msbuild/2003">
  <ItemGroup>
    <Filter Include="Source Files">
      <UniqueIdentifier>{4FC737F1-C7A5-4376-A066-2A32D752A2FF}</UniqueIdentifier>
      <Extensions>cpp;c;cc;cxx;def;odl;idl;hpj;bat;asm;asmx</Extensions>
    </Filter>
    <Filter Include="Header Files">
      <UniqueIdentifier>{93995380-89BD-4b04-88EB-625FBE52EBFB}</UniqueIdentifier>
      <Extensions>h;hh;hpp;hxx;hm;inl;inc;ipp;xsd</Extensions>
    </Filter>
    <Filter Include="Resource Files">
      <UniqueIdentifier>{67DA6AB6-F800-4c08-8B7A-83BB121AAD01}</UniqueIdentifier>
      <Extensions>rc;ico;cur;bmp;dlg;rc2;rct;bin;rgs;gif;jpg;jpeg;jpe;resx;tiff;tif;png;wav;mfcribbon-ms</Extensions>
    </Filter>
    <Filter Include="Header Files\Utils">
      <UniqueIdentifier>{9840320a-5f9c-482f-a636-20795beaa8c2}</UniqueIdentifier>
    </Filter>
    <Filter Include="Header Files\DayZ">
      <UniqueIdentifier>{54b58764-2756-48a8-99d9-b70342fee076}</UniqueIdentifier>
    </Filter>
    <Filter Include="Source Files\Utils">
      <UniqueIdentifier>{a5d83527-3624-4e41-b05f-9c065cd26d26}</UniqueIdentifier>
    </Filter>
    <Filter Include="Source Files\DayZ">
      <UniqueIdentifier>{d2a2a0cd-52e4-4c1b-bb2f-c759a3651f32}</UniqueIdentifier>
    </Filter>
    <Filter Include="Header Files\RVExt">
      <UniqueIdentifier>{d22f4df5-3502-4315-bfd6-6dea14a9d51b}</UniqueIdentifier>
    </Filter>
    <Filter Include="Source Files\RVExt">
      <UniqueIdentifier>{93a44e1f-0e1e-4624-ae7f-4b4cc0a3ff07}</UniqueIdentifier>
    </Filter>
    <Filter Include="Header Files\Plugins">
      <UniqueIdentifier>{50e48671-d1d0-4095-9007-8410493becc8}</UniqueIdentifier>
    </Filter>
    <Filter Include="Source Files\Plugins">
      <UniqueIdentifier>{393ed6b2-4b50-444c-941e-0dfc88dae429}</UniqueIdentifier>
    </Filter>
  </ItemGroup>
  <ItemGroup>
    <ClInclude Include="framework.h">
      <Filter>Header Files</Filter>
    </ClInclude>
    <ClInclude Include="pch.h">
      <Filter>Header Files</Filter>
    </ClInclude>
    <ClInclude Include="Utils.h">
      <Filter>Header Files\Utils</Filter>
    </ClInclude>
    <ClInclude Include="types.h">
      <Filter>Header Files\DayZ</Filter>
    </ClInclude>
    <ClInclude Include="Scripts.h">
      <Filter>Header Files\DayZ</Filter>
    </ClInclude>
    <ClInclude Include="Console.h">
      <Filter>Header Files\Utils</Filter>
    </ClInclude>
    <ClInclude Include="Patterns.h">
      <Filter>Header Files\Utils</Filter>
    </ClInclude>
    <ClInclude Include="RVExtension.h">
      <Filter>Header Files\RVExt</Filter>
    </ClInclude>
    <ClInclude Include="Plugins.h">
      <Filter>Header Files\Plugins</Filter>
    </ClInclude>
    <ClInclude Include="DayZUtils.h">
      <Filter>Header Files\DayZ</Filter>
    </ClInclude>
    <ClInclude Include="Engine.h">
      <Filter>Header Files\DayZ</Filter>
    </ClInclude>
    <ClInclude Include="PluginTypes.h">
      <Filter>Header Files\Plugins</Filter>
    </ClInclude>
  </ItemGroup>
  <ItemGroup>
    <ClCompile Include="dllmain.cpp">
      <Filter>Source Files</Filter>
    </ClCompile>
    <ClCompile Include="pch.cpp">
      <Filter>Source Files</Filter>
    </ClCompile>
    <ClCompile Include="Utils.cpp">
      <Filter>Source Files\Utils</Filter>
    </ClCompile>
    <ClCompile Include="Scripts.cpp">
      <Filter>Source Files\DayZ</Filter>
    </ClCompile>
    <ClCompile Include="Console.cpp">
      <Filter>Source Files\Utils</Filter>
    </ClCompile>
    <ClCompile Include="Patterns.cpp">
      <Filter>Source Files\Utils</Filter>
    </ClCompile>
    <ClCompile Include="RVExtension.cpp">
      <Filter>Source Files\RVExt</Filter>
    </ClCompile>
    <ClCompile Include="Plugins.cpp">
      <Filter>Source Files\Plugins</Filter>
    </ClCompile>
    <ClCompile Include="DayZUtils.cpp">
      <Filter>Source Files\DayZ</Filter>
    </ClCompile>
    <ClCompile Include="Engine.cpp">
      <Filter>Source Files\DayZ</Filter>
    </ClCompile>
  </ItemGroup>
</Project>