
Microsoft Visual Studio Solution File, Format Version 12.00
# Visual Studio Version 16
VisualStudioVersion = 16.0.29709.97
MinimumVisualStudioVersion = 10.0.40219.1
Project("{8BC9CEB8-8B4A-11D0-8D11-00A0C91BC942}") = "BIDebugEngine", "BIDebugEngine.vcxproj", "{C6B906C0-1C84-4AB0-8148-CDB0FDBDCB51}"
EndProject
Project("{8BC9CEB8-8B4A-11D0-8D11-00A0C91BC942}") = "ExamplePlugin", "..\ExamplePlugin\ExamplePlugin.vcxproj", "{621CEA2B-B029-4FF2-AD9A-F58F2B095F4A}"
	ProjectSection(ProjectDependencies) = postProject
		{C6B906C0-1C84-4AB0-8148-CDB0FDBDCB51} = {C6B906C0-1C84-4AB0-8148-CDB0FDBDCB51}
	EndProjectSection
EndProject
Global
	GlobalSection(SolutionConfigurationPlatforms) = preSolution
		Debug|x64 = Debug|x64
		Debug|x86 = Debug|x86
		Release|x64 = Release|x64
		Release|x86 = Release|x86
	EndGlobalSection
	GlobalSection(ProjectConfigurationPlatforms) = postSolution
		{C6B906C0-1C84-4AB0-8148-CDB0FDBDCB51}.Debug|x64.ActiveCfg = Debug|x64
		{C6B906C0-1C84-4AB0-8148-CDB0FDBDCB51}.Debug|x64.Build.0 = Debug|x64
		{C6B906C0-1C84-4AB0-8148-CDB0FDBDCB51}.Debug|x86.ActiveCfg = Debug|x64
		{C6B906C0-1C84-4AB0-8148-CDB0FDBDCB51}.Release|x64.ActiveCfg = Release|x64
		{C6B906C0-1C84-4AB0-8148-CDB0FDBDCB51}.Release|x64.Build.0 = Release|x64
		{C6B906C0-1C84-4AB0-8148-CDB0FDBDCB51}.Release|x86.ActiveCfg = Release|x64
		{621CEA2B-B029-4FF2-AD9A-F58F2B095F4A}.Debug|x64.ActiveCfg = Debug|x64
		{621CEA2B-B029-4FF2-AD9A-F58F2B095F4A}.Debug|x64.Build.0 = Debug|x64
		{621CEA2B-B029-4FF2-AD9A-F58F2B095F4A}.Debug|x86.ActiveCfg = Debug|x64
		{621CEA2B-B029-4FF2-AD9A-F58F2B095F4A}.Release|x64.ActiveCfg = Release|x64
		{621CEA2B-B029-4FF2-AD9A-F58F2B095F4A}.Release|x64.Build.0 = Release|x64
		{621CEA2B-B029-4FF2-AD9A-F58F2B095F4A}.Release|x86.ActiveCfg = Release|x64
	EndGlobalSection
	GlobalSection(SolutionProperties) = preSolution
		HideSolutionNode = FALSE
	EndGlobalSection
	GlobalSection(ExtensibilityGlobals) = postSolution
		SolutionGuid = {ED8FBAA1-D49A-4104-B0B6-EABE73EA1233}
	EndGlobalSection
EndGlobal
