
Microsoft Visual Studio Solution File, Format Version 12.00
# Visual Studio Version 16
VisualStudioVersion = 16.0.29102.190
MinimumVisualStudioVersion = 10.0.40219.1
Project("{FAE04EC0-301F-11D3-BF4B-00C04F79EFBC}") = "HttpGet", "HttpGet.csproj", "{E80FAD09-D6F3-4F92-B1BC-0DD6E36197BC}"
EndProject
Global
	GlobalSection(SolutionConfigurationPlatforms) = preSolution
		Debug|Any CPU = Debug|Any CPU
		Debug|x64 = Debug|x64
		Release|Any CPU = Release|Any CPU
		Release|x64 = Release|x64
	EndGlobalSection
	GlobalSection(ProjectConfigurationPlatforms) = postSolution
		{E80FAD09-D6F3-4F92-B1BC-0DD6E36197BC}.Debug|Any CPU.ActiveCfg = Debug|Any CPU
		{E80FAD09-D6F3-4F92-B1BC-0DD6E36197BC}.Debug|Any CPU.Build.0 = Debug|Any CPU
		{E80FAD09-D6F3-4F92-B1BC-0DD6E36197BC}.Debug|x64.ActiveCfg = Debug|x64
		{E80FAD09-D6F3-4F92-B1BC-0DD6E36197BC}.Debug|x64.Build.0 = Debug|x64
		{E80FAD09-D6F3-4F92-B1BC-0DD6E36197BC}.Release|Any CPU.ActiveCfg = Release|Any CPU
		{E80FAD09-D6F3-4F92-B1BC-0DD6E36197BC}.Release|Any CPU.Build.0 = Release|Any CPU
		{E80FAD09-D6F3-4F92-B1BC-0DD6E36197BC}.Release|x64.ActiveCfg = Release|x64
		{E80FAD09-D6F3-4F92-B1BC-0DD6E36197BC}.Release|x64.Build.0 = Release|x64
	EndGlobalSection
	GlobalSection(SolutionProperties) = preSolution
		HideSolutionNode = FALSE
	EndGlobalSection
	GlobalSection(ExtensibilityGlobals) = postSolution
		SolutionGuid = {9CAEF5F4-C823-4849-B764-D59C8DC62393}
	EndGlobalSection
EndGlobal
